
Microsoft Visual Studio Solution File, Format Version 12.00
# Visual Studio Version 16
VisualStudioVersion = 16.0.30804.86
MinimumVisualStudioVersion = 10.0.40219.1
Project("{FAE04EC0-301F-11D3-BF4B-00C04F79EFBC}") = "WebApp1.Tests", "WebApp1.Tests\WebApp1.Tests.csproj", "{ABC3BDF8-B1ED-4CC3-BA31-C0A7C1BF0A1B}"
EndProject
Project("{FAE04EC0-301F-11D3-BF4B-00C04F79EFBC}") = "WebApplication2", "WebApplication2\WebApplication2.csproj", "{5C5E1147-F770-4CAB-9E6D-EBE845F40B24}"
EndProject
Project("{FAE04EC0-301F-11D3-BF4B-00C04F79EFBC}") = "XUnitTestProject1", "XUnitTestProject1\XUnitTestProject1.csproj", "{2E15DB67-389C-475C-8206-E4E5A89E8791}"
EndProject
Global
	GlobalSection(SolutionConfigurationPlatforms) = preSolution
		Debug|Any CPU = Debug|Any CPU
		Release|Any CPU = Release|Any CPU
	EndGlobalSection
	GlobalSection(ProjectConfigurationPlatforms) = postSolution
		{ABC3BDF8-B1ED-4CC3-BA31-C0A7C1BF0A1B}.Debug|Any CPU.ActiveCfg = Debug|Any CPU
		{ABC3BDF8-B1ED-4CC3-BA31-C0A7C1BF0A1B}.Debug|Any CPU.Build.0 = Debug|Any CPU
		{ABC3BDF8-B1ED-4CC3-BA31-C0A7C1BF0A1B}.Release|Any CPU.ActiveCfg = Release|Any CPU
		{ABC3BDF8-B1ED-4CC3-BA31-C0A7C1BF0A1B}.Release|Any CPU.Build.0 = Release|Any CPU
		{5C5E1147-F770-4CAB-9E6D-EBE845F40B24}.Debug|Any CPU.ActiveCfg = Debug|Any CPU
		{5C5E1147-F770-4CAB-9E6D-EBE845F40B24}.Debug|Any CPU.Build.0 = Debug|Any CPU
		{5C5E1147-F770-4CAB-9E6D-EBE845F40B24}.Release|Any CPU.ActiveCfg = Release|Any CPU
		{5C5E1147-F770-4CAB-9E6D-EBE845F40B24}.Release|Any CPU.Build.0 = Release|Any CPU
		{2E15DB67-389C-475C-8206-E4E5A89E8791}.Debug|Any CPU.ActiveCfg = Debug|Any CPU
		{2E15DB67-389C-475C-8206-E4E5A89E8791}.Debug|Any CPU.Build.0 = Debug|Any CPU
		{2E15DB67-389C-475C-8206-E4E5A89E8791}.Release|Any CPU.ActiveCfg = Release|Any CPU
		{2E15DB67-389C-475C-8206-E4E5A89E8791}.Release|Any CPU.Build.0 = Release|Any CPU
	EndGlobalSection
	GlobalSection(SolutionProperties) = preSolution
		HideSolutionNode = FALSE
	EndGlobalSection
	GlobalSection(ExtensibilityGlobals) = postSolution
		SolutionGuid = {2CD02CED-9341-46B4-942C-AEDC97AEADA1}
	EndGlobalSection
EndGlobal
